// !$*UTF8*$!
{
	archiveVersion = 1;
	classes = {
	};
	objectVersion = 50;
	objects = {

/* Begin PBXBuildFile section */
		3C4B6A3D2208DB5100C450F4 /* AppDelegate.swift in Sources */ = {isa = PBXBuildFile; fileRef = 3C4B6A3C2208DB5100C450F4 /* AppDelegate.swift */; };
		3C4B6A3F2208DB5100C450F4 /* ViewController.swift in Sources */ = {isa = PBXBuildFile; fileRef = 3C4B6A3E2208DB5100C450F4 /* ViewController.swift */; };
		3C4B6A422208DB5100C450F4 /* Main.storyboard in Resources */ = {isa = PBXBuildFile; fileRef = 3C4B6A402208DB5100C450F4 /* Main.storyboard */; };
		3C4B6A442208DB5200C450F4 /* Assets.xcassets in Resources */ = {isa = PBXBuildFile; fileRef = 3C4B6A432208DB5200C450F4 /* Assets.xcassets */; };
		3C4B6A472208DB5200C450F4 /* LaunchScreen.storyboard in Resources */ = {isa = PBXBuildFile; fileRef = 3C4B6A452208DB5200C450F4 /* LaunchScreen.storyboard */; };
		3CE7FD122219C59F00CD1D6F /* CategoryViewController.swift in Sources */ = {isa = PBXBuildFile; fileRef = 3CE7FD112219C59F00CD1D6F /* CategoryViewController.swift */; };
		3CE9724A2214CF6F0008BDF3 /* DataModel.xcdatamodeld in Sources */ = {isa = PBXBuildFile; fileRef = 3CE972482214CF6F0008BDF3 /* DataModel.xcdatamodeld */; };
		E1B4CB855EB2643D5CFC216D /* Pods_ToDoey.framework in Frameworks */ = {isa = PBXBuildFile; fileRef = 33B8529341A6F4AEB3EFE459 /* Pods_ToDoey.framework */; };
/* End PBXBuildFile section */

/* Begin PBXFileReference section */
		33B8529341A6F4AEB3EFE459 /* Pods_ToDoey.framework */ = {isa = PBXFileReference; explicitFileType = wrapper.framework; includeInIndex = 0; path = Pods_ToDoey.framework; sourceTree = BUILT_PRODUCTS_DIR; };
		3C4B6A392208DB5100C450F4 /* ToDoey.app */ = {isa = PBXFileReference; explicitFileType = wrapper.application; includeInIndex = 0; path = ToDoey.app; sourceTree = BUILT_PRODUCTS_DIR; };
		3C4B6A3C2208DB5100C450F4 /* AppDelegate.swift */ = {isa = PBXFileReference; lastKnownFileType = sourcecode.swift; path = AppDelegate.swift; sourceTree = "<group>"; };
		3C4B6A3E2208DB5100C450F4 /* ViewController.swift */ = {isa = PBXFileReference; lastKnownFileType = sourcecode.swift; path = ViewController.swift; sourceTree = "<group>"; };
		3C4B6A412208DB5100C450F4 /* Base */ = {isa = PBXFileReference; lastKnownFileType = file.storyboard; name = Base; path = Base.lproj/Main.storyboard; sourceTree = "<group>"; };
		3C4B6A432208DB5200C450F4 /* Assets.xcassets */ = {isa = PBXFileReference; lastKnownFileType = folder.assetcatalog; path = Assets.xcassets; sourceTree = "<group>"; };
		3C4B6A462208DB5200C450F4 /* Base */ = {isa = PBXFileReference; lastKnownFileType = file.storyboard; name = Base; path = Base.lproj/LaunchScreen.storyboard; sourceTree = "<group>"; };
		3C4B6A482208DB5200C450F4 /* Info.plist */ = {isa = PBXFileReference; lastKnownFileType = text.plist.xml; path = Info.plist; sourceTree = "<group>"; };
		3CE7FD112219C59F00CD1D6F /* CategoryViewController.swift */ = {isa = PBXFileReference; lastKnownFileType = sourcecode.swift; path = CategoryViewController.swift; sourceTree = "<group>"; };
		3CE972492214CF6F0008BDF3 /* DataModel.xcdatamodel */ = {isa = PBXFileReference; lastKnownFileType = wrapper.xcdatamodel; path = DataModel.xcdatamodel; sourceTree = "<group>"; };
		81AE8D90833E5BB0788DFEF1 /* Pods-ToDoey.release.xcconfig */ = {isa = PBXFileReference; includeInIndex = 1; lastKnownFileType = text.xcconfig; name = "Pods-ToDoey.release.xcconfig"; path = "Pods/Target Support Files/Pods-ToDoey/Pods-ToDoey.release.xcconfig"; sourceTree = "<group>"; };
		ECA89C750BBF0767CE7F5F5E /* Pods-ToDoey.debug.xcconfig */ = {isa = PBXFileReference; includeInIndex = 1; lastKnownFileType = text.xcconfig; name = "Pods-ToDoey.debug.xcconfig"; path = "Pods/Target Support Files/Pods-ToDoey/Pods-ToDoey.debug.xcconfig"; sourceTree = "<group>"; };
/* End PBXFileReference section */

/* Begin PBXFrameworksBuildPhase section */
		3C4B6A362208DB5100C450F4 /* Frameworks */ = {
			isa = PBXFrameworksBuildPhase;
			buildActionMask = 2147483647;
			files = (
				E1B4CB855EB2643D5CFC216D /* Pods_ToDoey.framework in Frameworks */,
			);
			runOnlyForDeploymentPostprocessing = 0;
		};
/* End PBXFrameworksBuildPhase section */

/* Begin PBXGroup section */
		3BC6FCD991B5E55485F82487 /* Pods */ = {
			isa = PBXGroup;
			children = (
				ECA89C750BBF0767CE7F5F5E /* Pods-ToDoey.debug.xcconfig */,
				81AE8D90833E5BB0788DFEF1 /* Pods-ToDoey.release.xcconfig */,
			);
			name = Pods;
			sourceTree = "<group>";
		};
		3C49C43522120D2A0034B8C3 /* Data Model */ = {
			isa = PBXGroup;
			children = (
				3CE972482214CF6F0008BDF3 /* DataModel.xcdatamodeld */,
			);
			path = "Data Model";
			sourceTree = "<group>";
		};
		3C49C43622121BA50034B8C3 /* Controllers */ = {
			isa = PBXGroup;
			children = (
				3CE7FD112219C59F00CD1D6F /* CategoryViewController.swift */,
				3C4B6A3E2208DB5100C450F4 /* ViewController.swift */,
			);
			path = Controllers;
			sourceTree = "<group>";
		};
		3C49C43722121C470034B8C3 /* Views */ = {
			isa = PBXGroup;
			children = (
				3C4B6A402208DB5100C450F4 /* Main.storyboard */,
			);
			path = Views;
			sourceTree = "<group>";
		};
		3C49C43822121C520034B8C3 /* Supporting Files */ = {
			isa = PBXGroup;
			children = (
				3C4B6A432208DB5200C450F4 /* Assets.xcassets */,
				3C4B6A452208DB5200C450F4 /* LaunchScreen.storyboard */,
			);
			path = "Supporting Files";
			sourceTree = "<group>";
		};
		3C4B6A302208DB5100C450F4 = {
			isa = PBXGroup;
			children = (
				3C4B6A3B2208DB5100C450F4 /* ToDoey */,
				3C4B6A3A2208DB5100C450F4 /* Products */,
				3BC6FCD991B5E55485F82487 /* Pods */,
				4D216EED77B9EC234136E919 /* Frameworks */,
			);
			sourceTree = "<group>";
		};
		3C4B6A3A2208DB5100C450F4 /* Products */ = {
			isa = PBXGroup;
			children = (
				3C4B6A392208DB5100C450F4 /* ToDoey.app */,
			);
			name = Products;
			sourceTree = "<group>";
		};
		3C4B6A3B2208DB5100C450F4 /* ToDoey */ = {
			isa = PBXGroup;
			children = (
				3C4B6A3C2208DB5100C450F4 /* AppDelegate.swift */,
				3C49C43622121BA50034B8C3 /* Controllers */,
				3C49C43722121C470034B8C3 /* Views */,
				3C49C43822121C520034B8C3 /* Supporting Files */,
				3C4B6A482208DB5200C450F4 /* Info.plist */,
				3C49C43522120D2A0034B8C3 /* Data Model */,
			);
			path = ToDoey;
			sourceTree = "<group>";
		};
		4D216EED77B9EC234136E919 /* Frameworks */ = {
			isa = PBXGroup;
			children = (
				33B8529341A6F4AEB3EFE459 /* Pods_ToDoey.framework */,
			);
			name = Frameworks;
			sourceTree = "<group>";
		};
/* End PBXGroup section */

/* Begin PBXNativeTarget section */
		3C4B6A382208DB5100C450F4 /* ToDoey */ = {
			isa = PBXNativeTarget;
			buildConfigurationList = 3C4B6A4B2208DB5200C450F4 /* Build configuration list for PBXNativeTarget "ToDoey" */;
			buildPhases = (
				80FA53634515FC1FC6E349A0 /* [CP] Check Pods Manifest.lock */,
				3C4B6A352208DB5100C450F4 /* Sources */,
				3C4B6A362208DB5100C450F4 /* Frameworks */,
				3C4B6A372208DB5100C450F4 /* Resources */,
				F3F47AF02AAA957DBE9A9B0E /* [CP] Embed Pods Frameworks */,
			);
			buildRules = (
			);
			dependencies = (
			);
			name = ToDoey;
			productName = ToDoey;
			productReference = 3C4B6A392208DB5100C450F4 /* ToDoey.app */;
			productType = "com.apple.product-type.application";
		};
/* End PBXNativeTarget section */

/* Begin PBXProject section */
		3C4B6A312208DB5100C450F4 /* Project object */ = {
			isa = PBXProject;
			attributes = {
				LastSwiftUpdateCheck = 1010;
				LastUpgradeCheck = 1010;
				ORGANIZATIONNAME = "George Onwundinjo";
				TargetAttributes = {
					3C4B6A382208DB5100C450F4 = {
						CreatedOnToolsVersion = 10.1;
					};
				};
			};
			buildConfigurationList = 3C4B6A342208DB5100C450F4 /* Build configuration list for PBXProject "ToDoey" */;
			compatibilityVersion = "Xcode 9.3";
			developmentRegion = en;
			hasScannedForEncodings = 0;
			knownRegions = (
				en,
				Base,
			);
			mainGroup = 3C4B6A302208DB5100C450F4;
			productRefGroup = 3C4B6A3A2208DB5100C450F4 /* Products */;
			projectDirPath = "";
			projectRoot = "";
			targets = (
				3C4B6A382208DB5100C450F4 /* ToDoey */,
			);
		};
/* End PBXProject section */

/* Begin PBXResourcesBuildPhase section */
		3C4B6A372208DB5100C450F4 /* Resources */ = {
			isa = PBXResourcesBuildPhase;
			buildActionMask = 2147483647;
			files = (
				3C4B6A472208DB5200C450F4 /* LaunchScreen.storyboard in Resources */,
				3C4B6A442208DB5200C450F4 /* Assets.xcassets in Resources */,
				3C4B6A422208DB5100C450F4 /* Main.storyboard in Resources */,
			);
			runOnlyForDeploymentPostprocessing = 0;
		};
/* End PBXResourcesBuildPhase section */

/* Begin PBXShellScriptBuildPhase section */
		80FA53634515FC1FC6E349A0 /* [CP] Check Pods Manifest.lock */ = {
			isa = PBXShellScriptBuildPhase;
			buildActionMask = 2147483647;
			files = (
			);
			inputPaths = (
				"${PODS_PODFILE_DIR_PATH}/Podfile.lock",
				"${PODS_ROOT}/Manifest.lock",
			);
			name = "[CP] Check Pods Manifest.lock";
			outputPaths = (
				"$(DERIVED_FILE_DIR)/Pods-ToDoey-checkManifestLockResult.txt",
			);
			runOnlyForDeploymentPostprocessing = 0;
			shellPath = /bin/sh;
			shellScript = "diff \"${PODS_PODFILE_DIR_PATH}/Podfile.lock\" \"${PODS_ROOT}/Manifest.lock\" > /dev/null\nif [ $? != 0 ] ; then\n    # print error to STDERR\n    echo \"error: The sandbox is not in sync with the Podfile.lock. Run 'pod install' or update your CocoaPods installation.\" >&2\n    exit 1\nfi\n# This output is used by Xcode 'outputs' to avoid re-running this script phase.\necho \"SUCCESS\" > \"${SCRIPT_OUTPUT_FILE_0}\"\n";
			showEnvVarsInLog = 0;
		};
		F3F47AF02AAA957DBE9A9B0E /* [CP] Embed Pods Frameworks */ = {
			isa = PBXShellScriptBuildPhase;
			buildActionMask = 2147483647;
			files = (
			);
			inputPaths = (
				"${SRCROOT}/Pods/Target Support Files/Pods-ToDoey/Pods-ToDoey-frameworks.sh",
				"${BUILT_PRODUCTS_DIR}/Realm/Realm.framework",
				"${BUILT_PRODUCTS_DIR}/RealmSwift/RealmSwift.framework",
			);
			name = "[CP] Embed Pods Frameworks";
			outputPaths = (
				"${TARGET_BUILD_DIR}/${FRAMEWORKS_FOLDER_PATH}/Realm.framework",
				"${TARGET_BUILD_DIR}/${FRAMEWORKS_FOLDER_PATH}/RealmSwift.framework",
			);
			runOnlyForDeploymentPostprocessing = 0;
			shellPath = /bin/sh;
			shellScript = "\"${SRCROOT}/Pods/Target Support Files/Pods-ToDoey/Pods-ToDoey-frameworks.sh\"\n";
			showEnvVarsInLog = 0;
		};
/* End PBXShellScriptBuildPhase section */

/* Begin PBXSourcesBuildPhase section */
		3C4B6A352208DB5100C450F4 /* Sources */ = {
			isa = PBXSourcesBuildPhase;
			buildActionMask = 2147483647;
			files = (
				3CE7FD122219C59F00CD1D6F /* CategoryViewController.swift in Sources */,
				3CE9724A2214CF6F0008BDF3 /* DataModel.xcdatamodeld in Sources */,
				3C4B6A3F2208DB5100C450F4 /* ViewController.swift in Sources */,
				3C4B6A3D2208DB5100C450F4 /* AppDelegate.swift in Sources */,
			);
			runOnlyForDeploymentPostprocessing = 0;
		};
/* End PBXSourcesBuildPhase section */

/* Begin PBXVariantGroup section */
		3C4B6A402208DB5100C450F4 /* Main.storyboard */ = {
			isa = PBXVariantGroup;
			children = (
				3C4B6A412208DB5100C450F4 /* Base */,
			);
			name = Main.storyboard;
			sourceTree = "<group>";
		};
		3C4B6A452208DB5200C450F4 /* LaunchScreen.storyboard */ = {
			isa = PBXVariantGroup;
			children = (
				3C4B6A462208DB5200C450F4 /* Base */,
			);
			name = LaunchScreen.storyboard;
			sourceTree = "<group>";
		};
/* End PBXVariantGroup section */

/* Begin XCBuildConfiguration section */
		3C4B6A492208DB5200C450F4 /* Debug */ = {
			isa = XCBuildConfiguration;
			buildSettings = {
				ALWAYS_SEARCH_USER_PATHS = NO;
				CLANG_ANALYZER_NONNULL = YES;
				CLANG_ANALYZER_NUMBER_OBJECT_CONVERSION = YES_AGGRESSIVE;
				CLANG_CXX_LANGUAGE_STANDARD = "gnu++14";
				CLANG_CXX_LIBRARY = "libc++";
				CLANG_ENABLE_MODULES = YES;
				CLANG_ENABLE_OBJC_ARC = YES;
				CLANG_ENABLE_OBJC_WEAK = YES;
				CLANG_WARN_BLOCK_CAPTURE_AUTORELEASING = YES;
				CLANG_WARN_BOOL_CONVERSION = YES;
				CLANG_WARN_COMMA = YES;
				CLANG_WARN_CONSTANT_CONVERSION = YES;
				CLANG_WARN_DEPRECATED_OBJC_IMPLEMENTATIONS = YES;
				CLANG_WARN_DIRECT_OBJC_ISA_USAGE = YES_ERROR;
				CLANG_WARN_DOCUMENTATION_COMMENTS = YES;
				CLANG_WARN_EMPTY_BODY = YES;
				CLANG_WARN_ENUM_CONVERSION = YES;
				CLANG_WARN_INFINITE_RECURSION = YES;
				CLANG_WARN_INT_CONVERSION = YES;
				CLANG_WARN_NON_LITERAL_NULL_CONVERSION = YES;
				CLANG_WARN_OBJC_IMPLICIT_RETAIN_SELF = YES;
				CLANG_WARN_OBJC_LITERAL_CONVERSION = YES;
				CLANG_WARN_OBJC_ROOT_CLASS = YES_ERROR;
				CLANG_WARN_RANGE_LOOP_ANALYSIS = YES;
				CLANG_WARN_STRICT_PROTOTYPES = YES;
				CLANG_WARN_SUSPICIOUS_MOVE = YES;
				CLANG_WARN_UNGUARDED_AVAILABILITY = YES_AGGRESSIVE;
				CLANG_WARN_UNREACHABLE_CODE = YES;
				CLANG_WARN__DUPLICATE_METHOD_MATCH = YES;
				CODE_SIGN_IDENTITY = "iPhone Developer";
				COPY_PHASE_STRIP = NO;
				DEBUG_INFORMATION_FORMAT = dwarf;
				ENABLE_STRICT_OBJC_MSGSEND = YES;
				ENABLE_TESTABILITY = YES;
				GCC_C_LANGUAGE_STANDARD = gnu11;
				GCC_DYNAMIC_NO_PIC = NO;
				GCC_NO_COMMON_BLOCKS = YES;
				GCC_OPTIMIZATION_LEVEL = 0;
				GCC_PREPROCESSOR_DEFINITIONS = (
					"DEBUG=1",
					"$(inherited)",
				);
				GCC_WARN_64_TO_32_BIT_CONVERSION = YES;
				GCC_WARN_ABOUT_RETURN_TYPE = YES_ERROR;
				GCC_WARN_UNDECLARED_SELECTOR = YES;
				GCC_WARN_UNINITIALIZED_AUTOS = YES_AGGRESSIVE;
				GCC_WARN_UNUSED_FUNCTION = YES;
				GCC_WARN_UNUSED_VARIABLE = YES;
				IPHONEOS_DEPLOYMENT_TARGET = 12.1;
				MTL_ENABLE_DEBUG_INFO = INCLUDE_SOURCE;
				MTL_FAST_MATH = YES;
				ONLY_ACTIVE_ARCH = YES;
				SDKROOT = iphoneos;
				SWIFT_ACTIVE_COMPILATION_CONDITIONS = DEBUG;
				SWIFT_OPTIMIZATION_LEVEL = "-Onone";
			};
			name = Debug;
		};
		3C4B6A4A2208DB5200C450F4 /* Release */ = {
			isa = XCBuildConfiguration;
			buildSettings = {
				ALWAYS_SEARCH_USER_PATHS = NO;
				CLANG_ANALYZER_NONNULL = YES;
				CLANG_ANALYZER_NUMBER_OBJECT_CONVERSION = YES_AGGRESSIVE;
				CLANG_CXX_LANGUAGE_STANDARD = "gnu++14";
				CLANG_CXX_LIBRARY = "libc++";
				CLANG_ENABLE_MODULES = YES;
				CLANG_ENABLE_OBJC_ARC = YES;
				CLANG_ENABLE_OBJC_WEAK = YES;
				CLANG_WARN_BLOCK_CAPTURE_AUTORELEASING = YES;
				CLANG_WARN_BOOL_CONVERSION = YES;
				CLANG_WARN_COMMA = YES;
				CLANG_WARN_CONSTANT_CONVERSION = YES;
				CLANG_WARN_DEPRECATED_OBJC_IMPLEMENTATIONS = YES;
				CLANG_WARN_DIRECT_OBJC_ISA_USAGE = YES_ERROR;
				CLANG_WARN_DOCUMENTATION_COMMENTS = YES;
				CLANG_WARN_EMPTY_BODY = YES;
				CLANG_WARN_ENUM_CONVERSION = YES;
				CLANG_WARN_INFINITE_RECURSION = YES;
				CLANG_WARN_INT_CONVERSION = YES;
				CLANG_WARN_NON_LITERAL_NULL_CONVERSION = YES;
				CLANG_WARN_OBJC_IMPLICIT_RETAIN_SELF = YES;
				CLANG_WARN_OBJC_LITERAL_CONVERSION = YES;
				CLANG_WARN_OBJC_ROOT_CLASS = YES_ERROR;
				CLANG_WARN_RANGE_LOOP_ANALYSIS = YES;
				CLANG_WARN_STRICT_PROTOTYPES = YES;
				CLANG_WARN_SUSPICIOUS_MOVE = YES;
				CLANG_WARN_UNGUARDED_AVAILABILITY = YES_AGGRESSIVE;
				CLANG_WARN_UNREACHABLE_CODE = YES;
				CLANG_WARN__DUPLICATE_METHOD_MATCH = YES;
				CODE_SIGN_IDENTITY = "iPhone Developer";
				COPY_PHASE_STRIP = NO;
				DEBUG_INFORMATION_FORMAT = "dwarf-with-dsym";
				ENABLE_NS_ASSERTIONS = NO;
				ENABLE_STRICT_OBJC_MSGSEND = YES;
				GCC_C_LANGUAGE_STANDARD = gnu11;
				GCC_NO_COMMON_BLOCKS = YES;
				GCC_WARN_64_TO_32_BIT_CONVERSION = YES;
				GCC_WARN_ABOUT_RETURN_TYPE = YES_ERROR;
				GCC_WARN_UNDECLARED_SELECTOR = YES;
				GCC_WARN_UNINITIALIZED_AUTOS = YES_AGGRESSIVE;
				GCC_WARN_UNUSED_FUNCTION = YES;
				GCC_WARN_UNUSED_VARIABLE = YES;
				IPHONEOS_DEPLOYMENT_TARGET = 12.1;
				MTL_ENABLE_DEBUG_INFO = NO;
				MTL_FAST_MATH = YES;
				SDKROOT = iphoneos;
				SWIFT_COMPILATION_MODE = wholemodule;
				SWIFT_OPTIMIZATION_LEVEL = "-O";
				VALIDATE_PRODUCT = YES;
			};
			name = Release;
		};
		3C4B6A4C2208DB5200C450F4 /* Debug */ = {
			isa = XCBuildConfiguration;
			baseConfigurationReference = ECA89C750BBF0767CE7F5F5E /* Pods-ToDoey.debug.xcconfig */;
			buildSettings = {
				ASSETCATALOG_COMPILER_APPICON_NAME = AppIcon;
				CODE_SIGN_STYLE = Automatic;
				DEVELOPMENT_TEAM = 98MFJTK9AJ;
				INFOPLIST_FILE = ToDoey/Info.plist;
				LD_RUNPATH_SEARCH_PATHS = (
					"$(inherited)",
					"@executable_path/Frameworks",
				);
				PRODUCT_BUNDLE_IDENTIFIER = com.georgeonwundinjo.ToDoey1;
				PRODUCT_NAME = "$(TARGET_NAME)";
				SWIFT_VERSION = 4.2;
				TARGETED_DEVICE_FAMILY = "1,2";
			};
			name = Debug;
		};
		3C4B6A4D2208DB5200C450F4 /* Release */ = {
			isa = XCBuildConfiguration;
			baseConfigurationReference = 81AE8D90833E5BB0788DFEF1 /* Pods-ToDoey.release.xcconfig */;
			buildSettings = {
				ASSETCATALOG_COMPILER_APPICON_NAME = AppIcon;
				CODE_SIGN_STYLE = Automatic;
				DEVELOPMENT_TEAM = 98MFJTK9AJ;
				INFOPLIST_FILE = ToDoey/Info.plist;
				LD_RUNPATH_SEARCH_PATHS = (
					"$(inherited)",
					"@executable_path/Frameworks",
				);
				PRODUCT_BUNDLE_IDENTIFIER = com.georgeonwundinjo.ToDoey1;
				PRODUCT_NAME = "$(TARGET_NAME)";
				SWIFT_VERSION = 4.2;
				TARGETED_DEVICE_FAMILY = "1,2";
			};
			name = Release;
		};
/* End XCBuildConfiguration section */

/* Begin XCConfigurationList section */
		3C4B6A342208DB5100C450F4 /* Build configuration list for PBXProject "ToDoey" */ = {
			isa = XCConfigurationList;
			buildConfigurations = (
				3C4B6A492208DB5200C450F4 /* Debug */,
				3C4B6A4A2208DB5200C450F4 /* Release */,
			);
			defaultConfigurationIsVisible = 0;
			defaultConfigurationName = Release;
		};
		3C4B6A4B2208DB5200C450F4 /* Build configuration list for PBXNativeTarget "ToDoey" */ = {
			isa = XCConfigurationList;
			buildConfigurations = (
				3C4B6A4C2208DB5200C450F4 /* Debug */,
				3C4B6A4D2208DB5200C450F4 /* Release */,
			);
			defaultConfigurationIsVisible = 0;
			defaultConfigurationName = Release;
		};
/* End XCConfigurationList section */

/* Begin XCVersionGroup section */
		3CE972482214CF6F0008BDF3 /* DataModel.xcdatamodeld */ = {
			isa = XCVersionGroup;
			children = (
				3CE972492214CF6F0008BDF3 /* DataModel.xcdatamodel */,
			);
			currentVersion = 3CE972492214CF6F0008BDF3 /* DataModel.xcdatamodel */;
			path = DataModel.xcdatamodeld;
			sourceTree = "<group>";
			versionGroupType = wrapper.xcdatamodel;
		};
/* End XCVersionGroup section */
	};
	rootObject = 3C4B6A312208DB5100C450F4 /* Project object */;
}
